
Microsoft Visual Studio Solution File, Format Version 12.00
# Visual Studio 15
VisualStudioVersion = 15.0.26228.10
MinimumVisualStudioVersion = 10.0.40219.1
Project("{2150E333-8FDC-42A3-9474-1A3956D46DE8}") = "src", "src", "{DCFBD9E3-6789-487F-8392-5E73ACE85648}"
EndProject
Project("{2150E333-8FDC-42A3-9474-1A3956D46DE8}") = "Solution Items", "Solution Items", "{A15C826F-13D4-46EF-B010-4DDB53090D08}"
EndProject
Project("{2150E333-8FDC-42A3-9474-1A3956D46DE8}") = "test", "test", "{AB2DBA20-91FE-498F-9550-F35A8995C453}"
EndProject
Project("{9A19103F-16F7-4668-BE54-9A1E7A4F7556}") = "Dacs7", "src\Dacs7\Dacs7.csproj", "{7CEF0389-09B9-4F5E-9B1B-8D58B6259BC2}"
EndProject
Project("{9A19103F-16F7-4668-BE54-9A1E7A4F7556}") = "Dacs7.Tests", "test\Dacs7Tests\Dacs7.Tests.csproj", "{51541E59-5555-4A0C-9836-C8EDEEEBBD65}"
EndProject
Project("{9A19103F-16F7-4668-BE54-9A1E7A4F7556}") = "Dacs7Cli", "src\Dacs7Cli\Dacs7Cli.csproj", "{15A87724-ADA8-42B7-88A3-F54FFEAD109B}"
EndProject
Global
	GlobalSection(Performance) = preSolution
		HasPerformanceSessions = true
	EndGlobalSection
	GlobalSection(SolutionConfigurationPlatforms) = preSolution
		Debug|Any CPU = Debug|Any CPU
		Release|Any CPU = Release|Any CPU
	EndGlobalSection
	GlobalSection(ProjectConfigurationPlatforms) = postSolution
		{7CEF0389-09B9-4F5E-9B1B-8D58B6259BC2}.Debug|Any CPU.ActiveCfg = Debug|Any CPU
		{7CEF0389-09B9-4F5E-9B1B-8D58B6259BC2}.Debug|Any CPU.Build.0 = Debug|Any CPU
		{7CEF0389-09B9-4F5E-9B1B-8D58B6259BC2}.Release|Any CPU.ActiveCfg = Release|Any CPU
		{7CEF0389-09B9-4F5E-9B1B-8D58B6259BC2}.Release|Any CPU.Build.0 = Release|Any CPU
		{51541E59-5555-4A0C-9836-C8EDEEEBBD65}.Debug|Any CPU.ActiveCfg = Debug|Any CPU
		{51541E59-5555-4A0C-9836-C8EDEEEBBD65}.Debug|Any CPU.Build.0 = Debug|Any CPU
		{51541E59-5555-4A0C-9836-C8EDEEEBBD65}.Release|Any CPU.ActiveCfg = Release|Any CPU
		{51541E59-5555-4A0C-9836-C8EDEEEBBD65}.Release|Any CPU.Build.0 = Release|Any CPU
		{15A87724-ADA8-42B7-88A3-F54FFEAD109B}.Debug|Any CPU.ActiveCfg = Debug|Any CPU
		{15A87724-ADA8-42B7-88A3-F54FFEAD109B}.Debug|Any CPU.Build.0 = Debug|Any CPU
		{15A87724-ADA8-42B7-88A3-F54FFEAD109B}.Release|Any CPU.ActiveCfg = Release|Any CPU
		{15A87724-ADA8-42B7-88A3-F54FFEAD109B}.Release|Any CPU.Build.0 = Release|Any CPU
	EndGlobalSection
	GlobalSection(SolutionProperties) = preSolution
		HideSolutionNode = FALSE
	EndGlobalSection
	GlobalSection(NestedProjects) = preSolution
		{7CEF0389-09B9-4F5E-9B1B-8D58B6259BC2} = {DCFBD9E3-6789-487F-8392-5E73ACE85648}
		{51541E59-5555-4A0C-9836-C8EDEEEBBD65} = {AB2DBA20-91FE-498F-9550-F35A8995C453}
		{15A87724-ADA8-42B7-88A3-F54FFEAD109B} = {DCFBD9E3-6789-487F-8392-5E73ACE85648}
	EndGlobalSection
	GlobalSection(ExtensibilityGlobals) = postSolution
		SolutionGuid = {D5E0F073-E005-4767-B014-BAD86D648E95}
	EndGlobalSection
	GlobalSection(Performance) = preSolution
		HasPerformanceSessions = true
	EndGlobalSection
	GlobalSection(Performance) = preSolution
		HasPerformanceSessions = true
	EndGlobalSection
EndGlobal
